
Microsoft Visual Studio Solution File, Format Version 12.00
# Visual Studio Version 16
VisualStudioVersion = 16.0.29920.165
MinimumVisualStudioVersion = 15.0.26124.0
Project("{FAE04EC0-301F-11D3-BF4B-00C04F79EFBC}") = "MappingImageSampleUWP", "MappingImageSampleUWP\MappingImageSampleUWP.csproj", "{9B7C7E0A-16EE-430C-BFA8-DDD102577209}"
EndProject
Project("{9A19103F-16F7-4668-BE54-9A1E7A4F7556}") = "MappingImageSampleAPI", "MappingImageSampleAPI\MappingImageSampleAPI.csproj", "{D4E0DFC4-60E8-41F4-BAFD-FA6D37B21B51}"
EndProject
Project("{9A19103F-16F7-4668-BE54-9A1E7A4F7556}") = "MappingImageSampleML.Model", "MappingImageSampleML.Model\MappingImageSampleML.Model.csproj", "{6D8F6320-8A10-49E7-B503-A083105F8CA4}"
EndProject
Project("{9A19103F-16F7-4668-BE54-9A1E7A4F7556}") = "MappingImageSampleML.ConsoleApp", "MappingImageSampleML.ConsoleApp\MappingImageSampleML.ConsoleApp.csproj", "{62435CE1-E5D0-4CEB-94E9-7F10CE5F3296}"
EndProject
Global
	GlobalSection(SolutionConfigurationPlatforms) = preSolution
		Debug|Any CPU = Debug|Any CPU
		Debug|ARM = Debug|ARM
		Debug|ARM64 = Debug|ARM64
		Debug|x64 = Debug|x64
		Debug|x86 = Debug|x86
		Release|Any CPU = Release|Any CPU
		Release|ARM = Release|ARM
		Release|ARM64 = Release|ARM64
		Release|x64 = Release|x64
		Release|x86 = Release|x86
	EndGlobalSection
	GlobalSection(ProjectConfigurationPlatforms) = postSolution
		{9B7C7E0A-16EE-430C-BFA8-DDD102577209}.Debug|Any CPU.ActiveCfg = Debug|x86
		{9B7C7E0A-16EE-430C-BFA8-DDD102577209}.Debug|ARM.ActiveCfg = Debug|ARM
		{9B7C7E0A-16EE-430C-BFA8-DDD102577209}.Debug|ARM.Build.0 = Debug|ARM
		{9B7C7E0A-16EE-430C-BFA8-DDD102577209}.Debug|ARM.Deploy.0 = Debug|ARM
		{9B7C7E0A-16EE-430C-BFA8-DDD102577209}.Debug|ARM64.ActiveCfg = Debug|ARM64
		{9B7C7E0A-16EE-430C-BFA8-DDD102577209}.Debug|ARM64.Build.0 = Debug|ARM64
		{9B7C7E0A-16EE-430C-BFA8-DDD102577209}.Debug|ARM64.Deploy.0 = Debug|ARM64
		{9B7C7E0A-16EE-430C-BFA8-DDD102577209}.Debug|x64.ActiveCfg = Debug|x64
		{9B7C7E0A-16EE-430C-BFA8-DDD102577209}.Debug|x64.Build.0 = Debug|x64
		{9B7C7E0A-16EE-430C-BFA8-DDD102577209}.Debug|x64.Deploy.0 = Debug|x64
		{9B7C7E0A-16EE-430C-BFA8-DDD102577209}.Debug|x86.ActiveCfg = Debug|x86
		{9B7C7E0A-16EE-430C-BFA8-DDD102577209}.Debug|x86.Build.0 = Debug|x86
		{9B7C7E0A-16EE-430C-BFA8-DDD102577209}.Debug|x86.Deploy.0 = Debug|x86
		{9B7C7E0A-16EE-430C-BFA8-DDD102577209}.Release|Any CPU.ActiveCfg = Release|x86
		{9B7C7E0A-16EE-430C-BFA8-DDD102577209}.Release|ARM.ActiveCfg = Release|ARM
		{9B7C7E0A-16EE-430C-BFA8-DDD102577209}.Release|ARM.Build.0 = Release|ARM
		{9B7C7E0A-16EE-430C-BFA8-DDD102577209}.Release|ARM.Deploy.0 = Release|ARM
		{9B7C7E0A-16EE-430C-BFA8-DDD102577209}.Release|ARM64.ActiveCfg = Release|ARM64
		{9B7C7E0A-16EE-430C-BFA8-DDD102577209}.Release|ARM64.Build.0 = Release|ARM64
		{9B7C7E0A-16EE-430C-BFA8-DDD102577209}.Release|ARM64.Deploy.0 = Release|ARM64
		{9B7C7E0A-16EE-430C-BFA8-DDD102577209}.Release|x64.ActiveCfg = Release|x64
		{9B7C7E0A-16EE-430C-BFA8-DDD102577209}.Release|x64.Build.0 = Release|x64
		{9B7C7E0A-16EE-430C-BFA8-DDD102577209}.Release|x64.Deploy.0 = Release|x64
		{9B7C7E0A-16EE-430C-BFA8-DDD102577209}.Release|x86.ActiveCfg = Release|x86
		{9B7C7E0A-16EE-430C-BFA8-DDD102577209}.Release|x86.Build.0 = Release|x86
		{9B7C7E0A-16EE-430C-BFA8-DDD102577209}.Release|x86.Deploy.0 = Release|x86
		{D4E0DFC4-60E8-41F4-BAFD-FA6D37B21B51}.Debug|Any CPU.ActiveCfg = Debug|Any CPU
		{D4E0DFC4-60E8-41F4-BAFD-FA6D37B21B51}.Debug|Any CPU.Build.0 = Debug|Any CPU
		{D4E0DFC4-60E8-41F4-BAFD-FA6D37B21B51}.Debug|ARM.ActiveCfg = Debug|Any CPU
		{D4E0DFC4-60E8-41F4-BAFD-FA6D37B21B51}.Debug|ARM.Build.0 = Debug|Any CPU
		{D4E0DFC4-60E8-41F4-BAFD-FA6D37B21B51}.Debug|ARM64.ActiveCfg = Debug|Any CPU
		{D4E0DFC4-60E8-41F4-BAFD-FA6D37B21B51}.Debug|ARM64.Build.0 = Debug|Any CPU
		{D4E0DFC4-60E8-41F4-BAFD-FA6D37B21B51}.Debug|x64.ActiveCfg = Debug|Any CPU
		{D4E0DFC4-60E8-41F4-BAFD-FA6D37B21B51}.Debug|x64.Build.0 = Debug|Any CPU
		{D4E0DFC4-60E8-41F4-BAFD-FA6D37B21B51}.Debug|x86.ActiveCfg = Debug|Any CPU
		{D4E0DFC4-60E8-41F4-BAFD-FA6D37B21B51}.Debug|x86.Build.0 = Debug|Any CPU
		{D4E0DFC4-60E8-41F4-BAFD-FA6D37B21B51}.Release|Any CPU.ActiveCfg = Release|Any CPU
		{D4E0DFC4-60E8-41F4-BAFD-FA6D37B21B51}.Release|Any CPU.Build.0 = Release|Any CPU
		{D4E0DFC4-60E8-41F4-BAFD-FA6D37B21B51}.Release|ARM.ActiveCfg = Release|Any CPU
		{D4E0DFC4-60E8-41F4-BAFD-FA6D37B21B51}.Release|ARM.Build.0 = Release|Any CPU
		{D4E0DFC4-60E8-41F4-BAFD-FA6D37B21B51}.Release|ARM64.ActiveCfg = Release|Any CPU
		{D4E0DFC4-60E8-41F4-BAFD-FA6D37B21B51}.Release|ARM64.Build.0 = Release|Any CPU
		{D4E0DFC4-60E8-41F4-BAFD-FA6D37B21B51}.Release|x64.ActiveCfg = Release|Any CPU
		{D4E0DFC4-60E8-41F4-BAFD-FA6D37B21B51}.Release|x64.Build.0 = Release|Any CPU
		{D4E0DFC4-60E8-41F4-BAFD-FA6D37B21B51}.Release|x86.ActiveCfg = Release|Any CPU
		{D4E0DFC4-60E8-41F4-BAFD-FA6D37B21B51}.Release|x86.Build.0 = Release|Any CPU
		{6D8F6320-8A10-49E7-B503-A083105F8CA4}.Debug|Any CPU.ActiveCfg = Debug|Any CPU
		{6D8F6320-8A10-49E7-B503-A083105F8CA4}.Debug|Any CPU.Build.0 = Debug|Any CPU
		{6D8F6320-8A10-49E7-B503-A083105F8CA4}.Debug|ARM.ActiveCfg = Debug|Any CPU
		{6D8F6320-8A10-49E7-B503-A083105F8CA4}.Debug|ARM.Build.0 = Debug|Any CPU
		{6D8F6320-8A10-49E7-B503-A083105F8CA4}.Debug|ARM64.ActiveCfg = Debug|Any CPU
		{6D8F6320-8A10-49E7-B503-A083105F8CA4}.Debug|ARM64.Build.0 = Debug|Any CPU
		{6D8F6320-8A10-49E7-B503-A083105F8CA4}.Debug|x64.ActiveCfg = Debug|Any CPU
		{6D8F6320-8A10-49E7-B503-A083105F8CA4}.Debug|x64.Build.0 = Debug|Any CPU
		{6D8F6320-8A10-49E7-B503-A083105F8CA4}.Debug|x86.ActiveCfg = Debug|Any CPU
		{6D8F6320-8A10-49E7-B503-A083105F8CA4}.Debug|x86.Build.0 = Debug|Any CPU
		{6D8F6320-8A10-49E7-B503-A083105F8CA4}.Release|Any CPU.ActiveCfg = Release|Any CPU
		{6D8F6320-8A10-49E7-B503-A083105F8CA4}.Release|Any CPU.Build.0 = Release|Any CPU
		{6D8F6320-8A10-49E7-B503-A083105F8CA4}.Release|ARM.ActiveCfg = Release|Any CPU
		{6D8F6320-8A10-49E7-B503-A083105F8CA4}.Release|ARM.Build.0 = Release|Any CPU
		{6D8F6320-8A10-49E7-B503-A083105F8CA4}.Release|ARM64.ActiveCfg = Release|Any CPU
		{6D8F6320-8A10-49E7-B503-A083105F8CA4}.Release|ARM64.Build.0 = Release|Any CPU
		{6D8F6320-8A10-49E7-B503-A083105F8CA4}.Release|x64.ActiveCfg = Release|Any CPU
		{6D8F6320-8A10-49E7-B503-A083105F8CA4}.Release|x64.Build.0 = Release|Any CPU
		{6D8F6320-8A10-49E7-B503-A083105F8CA4}.Release|x86.ActiveCfg = Release|Any CPU
		{6D8F6320-8A10-49E7-B503-A083105F8CA4}.Release|x86.Build.0 = Release|Any CPU
		{62435CE1-E5D0-4CEB-94E9-7F10CE5F3296}.Debug|Any CPU.ActiveCfg = Debug|Any CPU
		{62435CE1-E5D0-4CEB-94E9-7F10CE5F3296}.Debug|Any CPU.Build.0 = Debug|Any CPU
		{62435CE1-E5D0-4CEB-94E9-7F10CE5F3296}.Debug|ARM.ActiveCfg = Debug|Any CPU
		{62435CE1-E5D0-4CEB-94E9-7F10CE5F3296}.Debug|ARM.Build.0 = Debug|Any CPU
		{62435CE1-E5D0-4CEB-94E9-7F10CE5F3296}.Debug|ARM64.ActiveCfg = Debug|Any CPU
		{62435CE1-E5D0-4CEB-94E9-7F10CE5F3296}.Debug|ARM64.Build.0 = Debug|Any CPU
		{62435CE1-E5D0-4CEB-94E9-7F10CE5F3296}.Debug|x64.ActiveCfg = Debug|Any CPU
		{62435CE1-E5D0-4CEB-94E9-7F10CE5F3296}.Debug|x64.Build.0 = Debug|Any CPU
		{62435CE1-E5D0-4CEB-94E9-7F10CE5F3296}.Debug|x86.ActiveCfg = Debug|Any CPU
		{62435CE1-E5D0-4CEB-94E9-7F10CE5F3296}.Debug|x86.Build.0 = Debug|Any CPU
		{62435CE1-E5D0-4CEB-94E9-7F10CE5F3296}.Release|Any CPU.ActiveCfg = Release|Any CPU
		{62435CE1-E5D0-4CEB-94E9-7F10CE5F3296}.Release|Any CPU.Build.0 = Release|Any CPU
		{62435CE1-E5D0-4CEB-94E9-7F10CE5F3296}.Release|ARM.ActiveCfg = Release|Any CPU
		{62435CE1-E5D0-4CEB-94E9-7F10CE5F3296}.Release|ARM.Build.0 = Release|Any CPU
		{62435CE1-E5D0-4CEB-94E9-7F10CE5F3296}.Release|ARM64.ActiveCfg = Release|Any CPU
		{62435CE1-E5D0-4CEB-94E9-7F10CE5F3296}.Release|ARM64.Build.0 = Release|Any CPU
		{62435CE1-E5D0-4CEB-94E9-7F10CE5F3296}.Release|x64.ActiveCfg = Release|Any CPU
		{62435CE1-E5D0-4CEB-94E9-7F10CE5F3296}.Release|x64.Build.0 = Release|Any CPU
		{62435CE1-E5D0-4CEB-94E9-7F10CE5F3296}.Release|x86.ActiveCfg = Release|Any CPU
		{62435CE1-E5D0-4CEB-94E9-7F10CE5F3296}.Release|x86.Build.0 = Release|Any CPU
	EndGlobalSection
	GlobalSection(SolutionProperties) = preSolution
		HideSolutionNode = FALSE
	EndGlobalSection
	GlobalSection(ExtensibilityGlobals) = postSolution
		SolutionGuid = {D19C094E-E366-46EF-88C6-28E74E32CA74}
	EndGlobalSection
EndGlobal
